
Microsoft Visual Studio Solution File, Format Version 12.00
# Visual Studio 15
VisualStudioVersion = 15.0.28307.1022
MinimumVisualStudioVersion = 10.0.40219.1
Project("{FAE04EC0-301F-11D3-BF4B-00C04F79EFBC}") = "MVC_Login", "MVC_Login\MVC_Login.csproj", "{BF20B15D-E9E8-44D4-86C1-A541F81D001E}"
EndProject
Global
	GlobalSection(SolutionConfigurationPlatforms) = preSolution
		Debug|Any CPU = Debug|Any CPU
		Release|Any CPU = Release|Any CPU
	EndGlobalSection
	GlobalSection(ProjectConfigurationPlatforms) = postSolution
		{BF20B15D-E9E8-44D4-86C1-A541F81D001E}.Debug|Any CPU.ActiveCfg = Debug|Any CPU
		{BF20B15D-E9E8-44D4-86C1-A541F81D001E}.Debug|Any CPU.Build.0 = Debug|Any CPU
		{BF20B15D-E9E8-44D4-86C1-A541F81D001E}.Release|Any CPU.ActiveCfg = Release|Any CPU
		{BF20B15D-E9E8-44D4-86C1-A541F81D001E}.Release|Any CPU.Build.0 = Release|Any CPU
	EndGlobalSection
	GlobalSection(SolutionProperties) = preSolution
		HideSolutionNode = FALSE
	EndGlobalSection
	GlobalSection(ExtensibilityGlobals) = postSolution
		SolutionGuid = {4E627993-690F-4C54-B41C-C3CA32E239E9}
	EndGlobalSection
EndGlobal
