
Microsoft Visual Studio Solution File, Format Version 12.00
# Visual Studio Version 16
VisualStudioVersion = 16.0.29613.14
MinimumVisualStudioVersion = 10.0.40219.1
Project("{FAE04EC0-301F-11D3-BF4B-00C04F79EFBC}") = "0403_MVC", "0403_MVC.csproj", "{EEDF3CCD-0CA1-49CA-8056-18C476115650}"
EndProject
Global
	GlobalSection(SolutionConfigurationPlatforms) = preSolution
		Debug|Any CPU = Debug|Any CPU
		Release|Any CPU = Release|Any CPU
	EndGlobalSection
	GlobalSection(ProjectConfigurationPlatforms) = postSolution
		{EEDF3CCD-0CA1-49CA-8056-18C476115650}.Debug|Any CPU.ActiveCfg = Debug|Any CPU
		{EEDF3CCD-0CA1-49CA-8056-18C476115650}.Debug|Any CPU.Build.0 = Debug|Any CPU
		{EEDF3CCD-0CA1-49CA-8056-18C476115650}.Release|Any CPU.ActiveCfg = Release|Any CPU
		{EEDF3CCD-0CA1-49CA-8056-18C476115650}.Release|Any CPU.Build.0 = Release|Any CPU
	EndGlobalSection
	GlobalSection(SolutionProperties) = preSolution
		HideSolutionNode = FALSE
	EndGlobalSection
	GlobalSection(ExtensibilityGlobals) = postSolution
		SolutionGuid = {48AC179C-191E-4581-A753-6C316816769F}
	EndGlobalSection
EndGlobal
