
Microsoft Visual Studio Solution File, Format Version 12.00
# Visual Studio Version 16
VisualStudioVersion = 16.0.29905.134
MinimumVisualStudioVersion = 10.0.40219.1
Project("{FAE04EC0-301F-11D3-BF4B-00C04F79EFBC}") = "MvcFormAuthentication_Demo", "MvcFormAuthentication_Demo\MvcFormAuthentication_Demo.csproj", "{5D3B61A4-B81E-4A25-9D47-6AB20E0F85FB}"
EndProject
Global
	GlobalSection(SolutionConfigurationPlatforms) = preSolution
		Debug|Any CPU = Debug|Any CPU
		Release|Any CPU = Release|Any CPU
	EndGlobalSection
	GlobalSection(ProjectConfigurationPlatforms) = postSolution
		{5D3B61A4-B81E-4A25-9D47-6AB20E0F85FB}.Debug|Any CPU.ActiveCfg = Debug|Any CPU
		{5D3B61A4-B81E-4A25-9D47-6AB20E0F85FB}.Debug|Any CPU.Build.0 = Debug|Any CPU
		{5D3B61A4-B81E-4A25-9D47-6AB20E0F85FB}.Release|Any CPU.ActiveCfg = Release|Any CPU
		{5D3B61A4-B81E-4A25-9D47-6AB20E0F85FB}.Release|Any CPU.Build.0 = Release|Any CPU
	EndGlobalSection
	GlobalSection(SolutionProperties) = preSolution
		HideSolutionNode = FALSE
	EndGlobalSection
	GlobalSection(ExtensibilityGlobals) = postSolution
		SolutionGuid = {B12D5A6B-BAFC-4B4F-BE71-02D13C29EDE0}
	EndGlobalSection
EndGlobal
