
Microsoft Visual Studio Solution File, Format Version 12.00
# Visual Studio Version 16
VisualStudioVersion = 16.0.30002.166
MinimumVisualStudioVersion = 10.0.40219.1
Project("{FAE04EC0-301F-11D3-BF4B-00C04F79EFBC}") = "MVCPagedList", "PagedList\MVCPagedList.csproj", "{551CCB61-84CC-40F3-87F2-9D9621BB982B}"
EndProject
Global
	GlobalSection(SolutionConfigurationPlatforms) = preSolution
		Debug|Any CPU = Debug|Any CPU
		Release|Any CPU = Release|Any CPU
	EndGlobalSection
	GlobalSection(ProjectConfigurationPlatforms) = postSolution
		{551CCB61-84CC-40F3-87F2-9D9621BB982B}.Debug|Any CPU.ActiveCfg = Debug|Any CPU
		{551CCB61-84CC-40F3-87F2-9D9621BB982B}.Debug|Any CPU.Build.0 = Debug|Any CPU
		{551CCB61-84CC-40F3-87F2-9D9621BB982B}.Release|Any CPU.ActiveCfg = Release|Any CPU
		{551CCB61-84CC-40F3-87F2-9D9621BB982B}.Release|Any CPU.Build.0 = Release|Any CPU
	EndGlobalSection
	GlobalSection(SolutionProperties) = preSolution
		HideSolutionNode = FALSE
	EndGlobalSection
	GlobalSection(ExtensibilityGlobals) = postSolution
		SolutionGuid = {3C9D2BEF-8315-4A6A-A31B-CD9105875048}
	EndGlobalSection
EndGlobal
